{
  "version": 4,
  "terraform_version": "1.14.9",
  "serial": 12,
  "lineage": "3f95bef4-0f2a-ba8e-363c-a868fc8725d4",
  "outputs": {
    "assets_bucket_name": {
      "value": "gen-lang-client-0366435980-airel-assets",
      "type": "string"
    },
    "assets_bucket_url": {
      "value": "https://storage.googleapis.com/gen-lang-client-0366435980-airel-assets",
      "type": "string"
    },
    "function_name": {
      "value": "ai-release-pipeline-trigger",
      "type": "string"
    },
    "function_sa_email": {
      "value": "ai-release-pipeline-fn@gen-lang-client-0366435980.iam.gserviceaccount.com",
      "type": "string"
    },
    "scheduler_job_name": {
      "value": "ai-release-pipeline-hourly",
      "type": "string"
    },
    "scheduler_paused": {
      "value": true,
      "type": "bool"
    },
    "trigger_topic": {
      "value": "ai-release-pipeline-trigger",
      "type": "string"
    }
  },
  "resources": [
    {
      "mode": "data",
      "type": "archive_file",
      "name": "function_zip",
      "provider": "provider[\"registry.terraform.io/hashicorp/archive\"]",
      "instances": [
        {
          "schema_version": 0,
          "attributes": {
            "exclude_symlink_directories": null,
            "excludes": null,
            "id": "37d6aad755b9806d2c7dd5161d363eae2f7d2948",
            "output_base64sha256": "kKzN/2/k5Pdl0HrUtExy1CXgiAGFqTQ0RERBlk7i9r8=",
            "output_base64sha512": "YD0bgjrY0PZUlGI9T4KHlMCLIJSO9cVYjCa0Mwl98rw9aJ74nW0dO8G+fN6FyAOibFJsegscign3qu+fxa42lg==",
            "output_file_mode": null,
            "output_md5": "47adea318c11c2c21289d73f0d0122fc",
            "output_path": "./.terraform/cloud_function.zip",
            "output_sha": "37d6aad755b9806d2c7dd5161d363eae2f7d2948",
            "output_sha256": "90accdff6fe4e4f765d07ad4b44c72d425e0880185a93434444441964ee2f6bf",
            "output_sha512": "603d1b823ad8d0f65494623d4f828794c08b20948ef5c5588c26b433097df2bc3d689ef89d6d1d3bc1be7cde85c803a26c526c7a0b1c8a09f7aaef9fc5ae3696",
            "output_size": 1825,
            "source": [],
            "source_content": null,
            "source_content_filename": null,
            "source_dir": "./cloud_function",
            "source_file": null,
            "type": "zip"
          },
          "sensitive_attributes": [],
          "identity_schema_version": 0
        }
      ]
    },
    {
      "mode": "managed",
      "type": "google_cloud_run_v2_service_iam_member",
      "name": "function_sa_invoker",
      "provider": "provider[\"registry.terraform.io/hashicorp/google\"]",
      "instances": [
        {
          "schema_version": 0,
          "attributes": {
            "condition": [],
            "etag": "BwZQjZyyi44=",
            "id": "projects/gen-lang-client-0366435980/locations/us-east1/services/ai-release-pipeline/roles/run.invoker/serviceAccount:ai-release-pipeline-fn@gen-lang-client-0366435980.iam.gserviceaccount.com",
            "location": "us-east1",
            "member": "serviceAccount:ai-release-pipeline-fn@gen-lang-client-0366435980.iam.gserviceaccount.com",
            "name": "projects/gen-lang-client-0366435980/locations/us-east1/services/ai-release-pipeline",
            "project": "gen-lang-client-0366435980",
            "role": "roles/run.invoker"
          },
          "sensitive_attributes": [],
          "identity_schema_version": 0,
          "private": "bnVsbA==",
          "dependencies": [
            "google_service_account.function_sa"
          ]
        }
      ]
    },
    {
      "mode": "managed",
      "type": "google_cloud_scheduler_job",
      "name": "hourly",
      "provider": "provider[\"registry.terraform.io/hashicorp/google\"]",
      "instances": [
        {
          "schema_version": 0,
          "attributes": {
            "app_engine_http_target": [],
            "attempt_deadline": "",
            "description": "Hourly trigger for the AI release pipeline (DESIGN.md Deployment \u0026 triggering).",
            "http_target": [],
            "id": "projects/gen-lang-client-0366435980/locations/us-east1/jobs/ai-release-pipeline-hourly",
            "name": "ai-release-pipeline-hourly",
            "paused": true,
            "project": "gen-lang-client-0366435980",
            "pubsub_target": [
              {
                "attributes": null,
                "data": "eyJzb3VyY2UiOiJzY2hlZHVsZXIiLCJ0cmlnZ2VyIjoiaG91cmx5In0=",
                "topic_name": "projects/gen-lang-client-0366435980/topics/ai-release-pipeline-trigger"
              }
            ],
            "region": "us-east1",
            "retry_config": [
              {
                "max_backoff_duration": "3600s",
                "max_doublings": 5,
                "max_retry_duration": "0s",
                "min_backoff_duration": "5s",
                "retry_count": 1
              }
            ],
            "schedule": "0 * * * *",
            "state": "PAUSED",
            "time_zone": "UTC",
            "timeouts": null
          },
          "sensitive_attributes": [],
          "identity_schema_version": 1,
          "identity": {
            "name": "ai-release-pipeline-hourly",
            "project": "gen-lang-client-0366435980",
            "region": "us-east1"
          },
          "private": "eyJlMmJmYjczMC1lY2FhLTExZTYtOGY4OC0zNDM2M2JjN2M0YzAiOnsiY3JlYXRlIjoxMjAwMDAwMDAwMDAwLCJkZWxldGUiOjEyMDAwMDAwMDAwMDAsInVwZGF0ZSI6MTIwMDAwMDAwMDAwMH19",
          "dependencies": [
            "google_pubsub_topic.trigger"
          ]
        }
      ]
    },
    {
      "mode": "managed",
      "type": "google_cloudfunctions2_function",
      "name": "trigger",
      "provider": "provider[\"registry.terraform.io/hashicorp/google\"]",
      "instances": [
        {
          "schema_version": 0,
          "attributes": {
            "build_config": [
              {
                "automatic_update_policy": [
                  {}
                ],
                "build": "projects/988979702911/locations/us-east1/builds/61599485-fc38-447a-8a3b-8325278de001",
                "docker_repository": "projects/gen-lang-client-0366435980/locations/us-east1/repositories/gcf-artifacts",
                "entry_point": "trigger_pipeline",
                "environment_variables": {},
                "on_deploy_update_policy": [],
                "runtime": "python312",
                "service_account": "projects/gen-lang-client-0366435980/serviceAccounts/988979702911-compute@developer.gserviceaccount.com",
                "source": [
                  {
                    "repo_source": [],
                    "storage_source": [
                      {
                        "bucket": "gen-lang-client-0366435980-airel-fn-source",
                        "generation": 1777419011151068,
                        "object": "trigger-47adea318c11c2c21289d73f0d0122fc.zip"
                      }
                    ]
                  }
                ],
                "worker_pool": ""
              }
            ],
            "description": "",
            "effective_labels": {
              "goog-terraform-provisioned": "true"
            },
            "environment": "GEN_2",
            "event_trigger": [
              {
                "event_filters": [],
                "event_type": "google.cloud.pubsub.topic.v1.messagePublished",
                "pubsub_topic": "projects/gen-lang-client-0366435980/topics/ai-release-pipeline-trigger",
                "retry_policy": "RETRY_POLICY_DO_NOT_RETRY",
                "service_account_email": "988979702911-compute@developer.gserviceaccount.com",
                "trigger": "projects/gen-lang-client-0366435980/locations/us-east1/triggers/ai-release-pipeline-trigger-520412",
                "trigger_region": "us-east1"
              }
            ],
            "id": "projects/gen-lang-client-0366435980/locations/us-east1/functions/ai-release-pipeline-trigger",
            "kms_key_name": "",
            "labels": null,
            "location": "us-east1",
            "name": "ai-release-pipeline-trigger",
            "project": "gen-lang-client-0366435980",
            "service_config": [
              {
                "all_traffic_on_latest_revision": true,
                "available_cpu": "0.3333",
                "available_memory": "512M",
                "binary_authorization_policy": "",
                "direct_vpc_egress": "",
                "direct_vpc_network_interface": [],
                "environment_variables": {
                  "APP_NAME": "app",
                  "CLOUD_RUN_SERVICE_URL": "https://ai-release-pipeline-988979702911.us-east1.run.app",
                  "GOOGLE_CLOUD_LOCATION": "us-east1",
                  "GOOGLE_CLOUD_PROJECT": "gen-lang-client-0366435980",
                  "LOG_EXECUTION_ID": "true"
                },
                "gcf_uri": "",
                "ingress_settings": "ALLOW_ALL",
                "max_instance_count": 4,
                "max_instance_request_concurrency": 1,
                "min_instance_count": 0,
                "secret_environment_variables": [],
                "secret_volumes": [],
                "service": "projects/gen-lang-client-0366435980/locations/us-east1/services/ai-release-pipeline-trigger",
                "service_account_email": "ai-release-pipeline-fn@gen-lang-client-0366435980.iam.gserviceaccount.com",
                "timeout_seconds": 540,
                "uri": "https://ai-release-pipeline-trigger-zfpg5a2nja-ue.a.run.app",
                "vpc_connector": "",
                "vpc_connector_egress_settings": ""
              }
            ],
            "state": "ACTIVE",
            "terraform_labels": {
              "goog-terraform-provisioned": "true"
            },
            "timeouts": null,
            "update_time": "2026-04-28T23:31:45.164620810Z",
            "url": "https://us-east1-gen-lang-client-0366435980.cloudfunctions.net/ai-release-pipeline-trigger"
          },
          "sensitive_attributes": [],
          "identity_schema_version": 1,
          "identity": {
            "location": "us-east1",
            "name": "ai-release-pipeline-trigger",
            "project": "gen-lang-client-0366435980"
          },
          "private": "eyJlMmJmYjczMC1lY2FhLTExZTYtOGY4OC0zNDM2M2JjN2M0YzAiOnsiY3JlYXRlIjozNjAwMDAwMDAwMDAwLCJkZWxldGUiOjM2MDAwMDAwMDAwMDAsInVwZGF0ZSI6MzYwMDAwMDAwMDAwMH19",
          "dependencies": [
            "data.archive_file.function_zip",
            "google_pubsub_topic.trigger",
            "google_service_account.function_sa",
            "google_storage_bucket.function_source",
            "google_storage_bucket_object.function_zip"
          ]
        }
      ]
    },
    {
      "mode": "managed",
      "type": "google_project_iam_member",
      "name": "scheduler_sa_pubsub_publisher",
      "provider": "provider[\"registry.terraform.io/hashicorp/google\"]",
      "instances": [
        {
          "schema_version": 0,
          "attributes": {
            "condition": [],
            "etag": "BwZQjZ0FAa0=",
            "id": "gen-lang-client-0366435980/roles/pubsub.publisher/serviceAccount:ai-release-pipeline-sched@gen-lang-client-0366435980.iam.gserviceaccount.com",
            "member": "serviceAccount:ai-release-pipeline-sched@gen-lang-client-0366435980.iam.gserviceaccount.com",
            "project": "gen-lang-client-0366435980",
            "role": "roles/pubsub.publisher"
          },
          "sensitive_attributes": [],
          "identity_schema_version": 0,
          "private": "bnVsbA==",
          "dependencies": [
            "google_service_account.scheduler_sa"
          ]
        }
      ]
    },
    {
      "mode": "managed",
      "type": "google_pubsub_topic",
      "name": "trigger",
      "provider": "provider[\"registry.terraform.io/hashicorp/google\"]",
      "instances": [
        {
          "schema_version": 0,
          "attributes": {
            "effective_labels": {
              "goog-terraform-provisioned": "true"
            },
            "id": "projects/gen-lang-client-0366435980/topics/ai-release-pipeline-trigger",
            "ingestion_data_source_settings": [],
            "kms_key_name": "",
            "labels": null,
            "message_retention_duration": "",
            "message_storage_policy": [],
            "message_transforms": [],
            "name": "ai-release-pipeline-trigger",
            "project": "gen-lang-client-0366435980",
            "schema_settings": [],
            "tags": null,
            "terraform_labels": {
              "goog-terraform-provisioned": "true"
            },
            "timeouts": null
          },
          "sensitive_attributes": [],
          "identity_schema_version": 1,
          "identity": {
            "name": "ai-release-pipeline-trigger",
            "project": "gen-lang-client-0366435980"
          },
          "private": "eyJlMmJmYjczMC1lY2FhLTExZTYtOGY4OC0zNDM2M2JjN2M0YzAiOnsiY3JlYXRlIjoxMjAwMDAwMDAwMDAwLCJkZWxldGUiOjEyMDAwMDAwMDAwMDAsInVwZGF0ZSI6MTIwMDAwMDAwMDAwMH19"
        }
      ]
    },
    {
      "mode": "managed",
      "type": "google_service_account",
      "name": "function_sa",
      "provider": "provider[\"registry.terraform.io/hashicorp/google\"]",
      "instances": [
        {
          "schema_version": 0,
          "attributes": {
            "account_id": "ai-release-pipeline-fn",
            "create_ignore_already_exists": null,
            "description": "Service account for the Cloud Function that POSTs to Cloud Run.",
            "disabled": false,
            "display_name": "AI release pipeline function trigger",
            "email": "ai-release-pipeline-fn@gen-lang-client-0366435980.iam.gserviceaccount.com",
            "id": "projects/gen-lang-client-0366435980/serviceAccounts/ai-release-pipeline-fn@gen-lang-client-0366435980.iam.gserviceaccount.com",
            "member": "serviceAccount:ai-release-pipeline-fn@gen-lang-client-0366435980.iam.gserviceaccount.com",
            "name": "projects/gen-lang-client-0366435980/serviceAccounts/ai-release-pipeline-fn@gen-lang-client-0366435980.iam.gserviceaccount.com",
            "project": "gen-lang-client-0366435980",
            "timeouts": null,
            "unique_id": "111576968403154131077"
          },
          "sensitive_attributes": [],
          "identity_schema_version": 1,
          "identity": {
            "email": "ai-release-pipeline-fn@gen-lang-client-0366435980.iam.gserviceaccount.com",
            "project": "gen-lang-client-0366435980"
          },
          "private": "eyJlMmJmYjczMC1lY2FhLTExZTYtOGY4OC0zNDM2M2JjN2M0YzAiOnsiY3JlYXRlIjozMDAwMDAwMDAwMDB9fQ=="
        }
      ]
    },
    {
      "mode": "managed",
      "type": "google_service_account",
      "name": "scheduler_sa",
      "provider": "provider[\"registry.terraform.io/hashicorp/google\"]",
      "instances": [
        {
          "schema_version": 0,
          "attributes": {
            "account_id": "ai-release-pipeline-sched",
            "create_ignore_already_exists": null,
            "description": "Service account for the Cloud Scheduler hourly trigger.",
            "disabled": false,
            "display_name": "AI release pipeline scheduler",
            "email": "ai-release-pipeline-sched@gen-lang-client-0366435980.iam.gserviceaccount.com",
            "id": "projects/gen-lang-client-0366435980/serviceAccounts/ai-release-pipeline-sched@gen-lang-client-0366435980.iam.gserviceaccount.com",
            "member": "serviceAccount:ai-release-pipeline-sched@gen-lang-client-0366435980.iam.gserviceaccount.com",
            "name": "projects/gen-lang-client-0366435980/serviceAccounts/ai-release-pipeline-sched@gen-lang-client-0366435980.iam.gserviceaccount.com",
            "project": "gen-lang-client-0366435980",
            "timeouts": null,
            "unique_id": "107791359875713174892"
          },
          "sensitive_attributes": [],
          "identity_schema_version": 1,
          "identity": {
            "email": "ai-release-pipeline-sched@gen-lang-client-0366435980.iam.gserviceaccount.com",
            "project": "gen-lang-client-0366435980"
          },
          "private": "eyJlMmJmYjczMC1lY2FhLTExZTYtOGY4OC0zNDM2M2JjN2M0YzAiOnsiY3JlYXRlIjozMDAwMDAwMDAwMDB9fQ=="
        }
      ]
    },
    {
      "mode": "managed",
      "type": "google_storage_bucket",
      "name": "assets",
      "provider": "provider[\"registry.terraform.io/hashicorp/google\"]",
      "instances": [
        {
          "schema_version": 4,
          "attributes": {
            "autoclass": [],
            "cors": [],
            "custom_placement_config": [],
            "default_event_based_hold": false,
            "effective_labels": {},
            "enable_object_retention": false,
            "encryption": [],
            "force_destroy": false,
            "hierarchical_namespace": [
              {
                "enabled": false
              }
            ],
            "id": "gen-lang-client-0366435980-airel-assets",
            "ip_filter": [],
            "labels": {},
            "lifecycle_rule": [
              {
                "action": [
                  {
                    "storage_class": "",
                    "type": "Delete"
                  }
                ],
                "condition": [
                  {
                    "age": 90,
                    "created_before": "",
                    "custom_time_before": "",
                    "days_since_custom_time": 0,
                    "days_since_noncurrent_time": 0,
                    "matches_prefix": [],
                    "matches_storage_class": [],
                    "matches_suffix": [],
                    "noncurrent_time_before": "",
                    "num_newer_versions": 0,
                    "send_age_if_zero": false,
                    "send_days_since_custom_time_if_zero": false,
                    "send_days_since_noncurrent_time_if_zero": false,
                    "send_num_newer_versions_if_zero": false,
                    "with_state": "ANY"
                  }
                ]
              }
            ],
            "location": "US",
            "logging": [],
            "name": "gen-lang-client-0366435980-airel-assets",
            "project": "gen-lang-client-0366435980",
            "project_number": 988979702911,
            "public_access_prevention": "inherited",
            "requester_pays": false,
            "retention_policy": [],
            "rpo": "DEFAULT",
            "self_link": "https://www.googleapis.com/storage/v1/b/gen-lang-client-0366435980-airel-assets",
            "soft_delete_policy": [
              {
                "effective_time": "2026-04-28T07:43:24.605Z",
                "retention_duration_seconds": 604800
              }
            ],
            "storage_class": "STANDARD",
            "terraform_labels": {},
            "time_created": "2026-04-28T07:43:24.605Z",
            "timeouts": null,
            "uniform_bucket_level_access": true,
            "updated": "2026-04-28T07:43:28.215Z",
            "url": "gs://gen-lang-client-0366435980-airel-assets",
            "versioning": [],
            "website": []
          },
          "sensitive_attributes": [],
          "identity_schema_version": 0,
          "private": "eyJlMmJmYjczMC1lY2FhLTExZTYtOGY4OC0zNDM2M2JjN2M0YzAiOnsiY3JlYXRlIjo2MDAwMDAwMDAwMDAsInJlYWQiOjI0MDAwMDAwMDAwMCwidXBkYXRlIjoyNDAwMDAwMDAwMDB9LCJzY2hlbWFfdmVyc2lvbiI6IjQifQ=="
        }
      ]
    },
    {
      "mode": "managed",
      "type": "google_storage_bucket",
      "name": "function_source",
      "provider": "provider[\"registry.terraform.io/hashicorp/google\"]",
      "instances": [
        {
          "schema_version": 4,
          "attributes": {
            "autoclass": [],
            "cors": [],
            "custom_placement_config": [],
            "default_event_based_hold": false,
            "effective_labels": {
              "goog-terraform-provisioned": "true"
            },
            "enable_object_retention": false,
            "encryption": [],
            "force_destroy": true,
            "hierarchical_namespace": [
              {
                "enabled": false
              }
            ],
            "id": "gen-lang-client-0366435980-airel-fn-source",
            "ip_filter": [],
            "labels": null,
            "lifecycle_rule": [],
            "location": "US-EAST1",
            "logging": [],
            "name": "gen-lang-client-0366435980-airel-fn-source",
            "project": "gen-lang-client-0366435980",
            "project_number": 988979702911,
            "public_access_prevention": "inherited",
            "requester_pays": false,
            "retention_policy": [],
            "rpo": null,
            "self_link": "https://www.googleapis.com/storage/v1/b/gen-lang-client-0366435980-airel-fn-source",
            "soft_delete_policy": [
              {
                "effective_time": "2026-04-28T23:29:54.575Z",
                "retention_duration_seconds": 604800
              }
            ],
            "storage_class": "STANDARD",
            "terraform_labels": {
              "goog-terraform-provisioned": "true"
            },
            "time_created": "2026-04-28T23:29:54.575Z",
            "timeouts": null,
            "uniform_bucket_level_access": true,
            "updated": "2026-04-28T23:29:54.575Z",
            "url": "gs://gen-lang-client-0366435980-airel-fn-source",
            "versioning": [],
            "website": []
          },
          "sensitive_attributes": [],
          "identity_schema_version": 0,
          "private": "eyJlMmJmYjczMC1lY2FhLTExZTYtOGY4OC0zNDM2M2JjN2M0YzAiOnsiY3JlYXRlIjo2MDAwMDAwMDAwMDAsInJlYWQiOjI0MDAwMDAwMDAwMCwidXBkYXRlIjoyNDAwMDAwMDAwMDB9LCJzY2hlbWFfdmVyc2lvbiI6IjQifQ=="
        }
      ]
    },
    {
      "mode": "managed",
      "type": "google_storage_bucket_iam_member",
      "name": "public_read",
      "provider": "provider[\"registry.terraform.io/hashicorp/google\"]",
      "instances": [
        {
          "schema_version": 0,
          "attributes": {
            "bucket": "b/gen-lang-client-0366435980-airel-assets",
            "condition": [],
            "etag": "CAM=",
            "id": "b/gen-lang-client-0366435980-airel-assets/roles/storage.objectViewer/allUsers",
            "member": "allUsers",
            "role": "roles/storage.objectViewer",
            "timeouts": null
          },
          "sensitive_attributes": [],
          "identity_schema_version": 0,
          "private": "eyJlMmJmYjczMC1lY2FhLTExZTYtOGY4OC0zNDM2M2JjN2M0YzAiOnsiY3JlYXRlIjoxMjAwMDAwMDAwMDAwfSwic2NoZW1hX3ZlcnNpb24iOiIwIn0=",
          "dependencies": [
            "google_storage_bucket.assets"
          ]
        }
      ]
    },
    {
      "mode": "managed",
      "type": "google_storage_bucket_object",
      "name": "function_zip",
      "provider": "provider[\"registry.terraform.io/hashicorp/google\"]",
      "instances": [
        {
          "schema_version": 0,
          "attributes": {
            "bucket": "gen-lang-client-0366435980-airel-fn-source",
            "cache_control": "",
            "content": null,
            "content_disposition": "",
            "content_encoding": "",
            "content_language": "",
            "content_type": "application/zip",
            "contexts": [],
            "crc32c": "eIuJcQ==",
            "customer_encryption": [],
            "deletion_policy": null,
            "detect_md5hash": "R63qMYwRwsISidc/DQEi/A==",
            "event_based_hold": false,
            "force_empty_content_type": null,
            "generation": 1777418995136005,
            "id": "gen-lang-client-0366435980-airel-fn-source-trigger-47adea318c11c2c21289d73f0d0122fc.zip",
            "kms_key_name": "",
            "md5hash": "R63qMYwRwsISidc/DQEi/A==",
            "md5hexhash": "47adea318c11c2c21289d73f0d0122fc",
            "media_link": "https://storage.googleapis.com/download/storage/v1/b/gen-lang-client-0366435980-airel-fn-source/o/trigger-47adea318c11c2c21289d73f0d0122fc.zip?generation=1777418995136005\u0026alt=media",
            "metadata": null,
            "name": "trigger-47adea318c11c2c21289d73f0d0122fc.zip",
            "output_name": "trigger-47adea318c11c2c21289d73f0d0122fc.zip",
            "retention": [],
            "self_link": "https://www.googleapis.com/storage/v1/b/gen-lang-client-0366435980-airel-fn-source/o/trigger-47adea318c11c2c21289d73f0d0122fc.zip",
            "source": "./.terraform/cloud_function.zip",
            "source_md5hash": "",
            "storage_class": "STANDARD",
            "temporary_hold": false,
            "timeouts": null
          },
          "sensitive_attributes": [
            [
              {
                "type": "get_attr",
                "value": "content"
              }
            ]
          ],
          "identity_schema_version": 0,
          "private": "eyJlMmJmYjczMC1lY2FhLTExZTYtOGY4OC0zNDM2M2JjN2M0YzAiOnsiY3JlYXRlIjoyNDAwMDAwMDAwMDAsImRlbGV0ZSI6MjQwMDAwMDAwMDAwLCJ1cGRhdGUiOjI0MDAwMDAwMDAwMH19",
          "dependencies": [
            "data.archive_file.function_zip",
            "google_storage_bucket.function_source"
          ]
        }
      ]
    }
  ],
  "check_results": null
}
