{
  "version": 4,
  "terraform_version": "1.14.9",
  "serial": 2,
  "lineage": "3f95bef4-0f2a-ba8e-363c-a868fc8725d4",
  "outputs": {
    "assets_bucket_name": {
      "value": "gen-lang-client-0366435980-airel-assets",
      "type": "string"
    },
    "assets_bucket_url": {
      "value": "https://storage.googleapis.com/gen-lang-client-0366435980-airel-assets",
      "type": "string"
    },
    "function_name": {
      "value": null,
      "type": "string"
    },
    "function_sa_email": {
      "value": null,
      "type": "string"
    },
    "github_token_secret_id": {
      "value": null,
      "type": "string"
    },
    "scheduler_job_name": {
      "value": null,
      "type": "string"
    },
    "telegram_bot_token_secret_id": {
      "value": null,
      "type": "string"
    },
    "trigger_topic": {
      "value": null,
      "type": "string"
    }
  },
  "resources": [
    {
      "mode": "data",
      "type": "archive_file",
      "name": "function_zip",
      "provider": "provider[\"registry.terraform.io/hashicorp/archive\"]",
      "instances": [
        {
          "schema_version": 0,
          "attributes": {
            "exclude_symlink_directories": null,
            "excludes": null,
            "id": "9b9a18d3212450b61fe8af11aa348602fd0a0811",
            "output_base64sha256": "mggNTH9eihB2499+Jpn7v5mP4e1Sj/b48l2QXhzF5o4=",
            "output_base64sha512": "YzuzeRXEjBqwZAr71x8Xv6Al7U4POPcXYX0CGFRnFgkYR5OyHutCT9eBh7dYHivXuO3dzGdBS9Nhp3NqcO6h5Q==",
            "output_file_mode": null,
            "output_md5": "0a19f649781d116b50270ae45cc90f93",
            "output_path": "/Users/rahulpatel/Documents/Content Gemini Agent/deploy/.terraform/cloud_function.zip",
            "output_sha": "9b9a18d3212450b61fe8af11aa348602fd0a0811",
            "output_sha256": "9a080d4c7f5e8a1076e3df7e2699fbbf998fe1ed528ff6f8f25d905e1cc5e68e",
            "output_sha512": "633bb37915c48c1ab0640afbd71f17bfa025ed4e0f38f717617d021854671609184793b21eeb424fd78187b7581e2bd7b8edddcc67414bd361a7736a70eea1e5",
            "output_size": 1502,
            "source": [],
            "source_content": null,
            "source_content_filename": null,
            "source_dir": "/Users/rahulpatel/Documents/Content Gemini Agent/deploy/cloud_function",
            "source_file": null,
            "type": "zip"
          },
          "sensitive_attributes": [],
          "identity_schema_version": 0
        }
      ]
    },
    {
      "mode": "managed",
      "type": "google_storage_bucket",
      "name": "assets",
      "provider": "provider[\"registry.terraform.io/hashicorp/google\"]",
      "instances": [
        {
          "schema_version": 4,
          "attributes": {
            "autoclass": [],
            "cors": [],
            "custom_placement_config": [],
            "default_event_based_hold": false,
            "effective_labels": {},
            "enable_object_retention": false,
            "encryption": [],
            "force_destroy": false,
            "hierarchical_namespace": [
              {
                "enabled": false
              }
            ],
            "id": "gen-lang-client-0366435980-airel-assets",
            "ip_filter": [],
            "labels": {},
            "lifecycle_rule": [
              {
                "action": [
                  {
                    "storage_class": "",
                    "type": "Delete"
                  }
                ],
                "condition": [
                  {
                    "age": 90,
                    "created_before": "",
                    "custom_time_before": "",
                    "days_since_custom_time": 0,
                    "days_since_noncurrent_time": 0,
                    "matches_prefix": [],
                    "matches_storage_class": [],
                    "matches_suffix": [],
                    "noncurrent_time_before": "",
                    "num_newer_versions": 0,
                    "send_age_if_zero": false,
                    "send_days_since_custom_time_if_zero": false,
                    "send_days_since_noncurrent_time_if_zero": false,
                    "send_num_newer_versions_if_zero": false,
                    "with_state": "ANY"
                  }
                ]
              }
            ],
            "location": "US",
            "logging": [],
            "name": "gen-lang-client-0366435980-airel-assets",
            "project": "gen-lang-client-0366435980",
            "project_number": 988979702911,
            "public_access_prevention": "inherited",
            "requester_pays": false,
            "retention_policy": [],
            "rpo": "DEFAULT",
            "self_link": "https://www.googleapis.com/storage/v1/b/gen-lang-client-0366435980-airel-assets",
            "soft_delete_policy": [
              {
                "effective_time": "2026-04-28T07:43:24.605Z",
                "retention_duration_seconds": 604800
              }
            ],
            "storage_class": "STANDARD",
            "terraform_labels": {},
            "time_created": "2026-04-28T07:43:24.605Z",
            "timeouts": null,
            "uniform_bucket_level_access": true,
            "updated": "2026-04-28T07:43:28.215Z",
            "url": "gs://gen-lang-client-0366435980-airel-assets",
            "versioning": [],
            "website": []
          },
          "sensitive_attributes": [],
          "identity_schema_version": 0,
          "private": "eyJlMmJmYjczMC1lY2FhLTExZTYtOGY4OC0zNDM2M2JjN2M0YzAiOnsiY3JlYXRlIjo2MDAwMDAwMDAwMDAsInJlYWQiOjI0MDAwMDAwMDAwMCwidXBkYXRlIjoyNDAwMDAwMDAwMDB9LCJzY2hlbWFfdmVyc2lvbiI6IjQifQ=="
        }
      ]
    },
    {
      "mode": "managed",
      "type": "google_storage_bucket_iam_member",
      "name": "public_read",
      "provider": "provider[\"registry.terraform.io/hashicorp/google\"]",
      "instances": [
        {
          "schema_version": 0,
          "attributes": {
            "bucket": "b/gen-lang-client-0366435980-airel-assets",
            "condition": [],
            "etag": "CAM=",
            "id": "b/gen-lang-client-0366435980-airel-assets/roles/storage.objectViewer/allUsers",
            "member": "allUsers",
            "role": "roles/storage.objectViewer",
            "timeouts": null
          },
          "sensitive_attributes": [],
          "identity_schema_version": 0,
          "private": "eyJlMmJmYjczMC1lY2FhLTExZTYtOGY4OC0zNDM2M2JjN2M0YzAiOnsiY3JlYXRlIjoxMjAwMDAwMDAwMDAwfSwic2NoZW1hX3ZlcnNpb24iOiIwIn0="
        }
      ]
    }
  ],
  "check_results": null
}
